{
  "name": "bubble-paws",
  "version": "1.0.0",
  "lockfileVersion": 3,
  "requires": true,
  "packages": {
    "": {
      "name": "bubble-paws",
      "version": "1.0.0",
      "license": "ISC",
      "dependencies": {
        "@neondatabase/serverless": "^1.1.0",
        "nodemailer": "^8.0.11"
      }
    },
    "node_modules/@neondatabase/serverless": {
      "version": "1.1.0",
      "resolved": "https://registry.npmjs.org/@neondatabase/serverless/-/serverless-1.1.0.tgz",
      "integrity": "sha512-r3ZZhRjEcfEdKIZnoB1RusNgvHuaBRqfCzV4Gi+5A9yUX0S4HTws/ASWqt13wL4y4I+0rqsWGdA2w7EQXHi3+Q==",
      "license": "MIT",
      "engines": {
        "node": ">=19.0.0"
      }
    },
    "node_modules/nodemailer": {
      "version": "8.0.11",
      "resolved": "https://registry.npmjs.org/nodemailer/-/nodemailer-8.0.11.tgz",
      "integrity": "sha512-nrO/pDAUKl+wXX+lx16tDLbnm0fW6sK/x8mgohaCpg+CdCEl482bD4tCuAZk2DyliruiNTIZxRCoWkDqJEnAiA==",
      "license": "MIT-0",
      "engines": {
        "node": ">=6.0.0"
      }
    }
  }
}
